// !$*UTF8*$!
{
	archiveVersion = 1;
	classes = {
	};
	objectVersion = 46;
	objects = {

/* Begin PBXBuildFile section */
		C8BF0F641BA3690900E26892 /* main.m in Sources */ = {isa = PBXBuildFile; fileRef = C8BF0F631BA3690900E26892 /* main.m */; };
		C8BF0F671BA3690900E26892 /* AppDelegate.m in Sources */ = {isa = PBXBuildFile; fileRef = C8BF0F661BA3690900E26892 /* AppDelegate.m */; };
		C8BF0F6A1BA3690900E26892 /* ViewController.m in Sources */ = {isa = PBXBuildFile; fileRef = C8BF0F691BA3690900E26892 /* ViewController.m */; };
		C8BF0F6D1BA3690900E26892 /* Main.storyboard in Resources */ = {isa = PBXBuildFile; fileRef = C8BF0F6B1BA3690900E26892 /* Main.storyboard */; };
		C8BF0F6F1BA3690900E26892 /* Images.xcassets in Resources */ = {isa = PBXBuildFile; fileRef = C8BF0F6E1BA3690900E26892 /* Images.xcassets */; };
		C8BF0F721BA3690900E26892 /* LaunchScreen.xib in Resources */ = {isa = PBXBuildFile; fileRef = C8BF0F701BA3690900E26892 /* LaunchScreen.xib */; };
		C8BF0F7E1BA3690900E26892 /* pickerviewTests.m in Sources */ = {isa = PBXBuildFile; fileRef = C8BF0F7D1BA3690900E26892 /* pickerviewTests.m */; };
/* End PBXBuildFile section */

/* Begin PBXContainerItemProxy section */
		C8BF0F781BA3690900E26892 /* PBXContainerItemProxy */ = {
			isa = PBXContainerItemProxy;
			containerPortal = C8BF0F561BA3690900E26892 /* Project object */;
			proxyType = 1;
			remoteGlobalIDString = C8BF0F5D1BA3690900E26892;
			remoteInfo = pickerview;
		};
/* End PBXContainerItemProxy section */

/* Begin PBXFileReference section */
		C8BF0F5E1BA3690900E26892 /* pickerview.app */ = {isa = PBXFileReference; explicitFileType = wrapper.application; includeInIndex = 0; path = pickerview.app; sourceTree = BUILT_PRODUCTS_DIR; };
		C8BF0F621BA3690900E26892 /* Info.plist */ = {isa = PBXFileReference; lastKnownFileType = text.plist.xml; path = Info.plist; sourceTree = "<group>"; };
		C8BF0F631BA3690900E26892 /* main.m */ = {isa = PBXFileReference; lastKnownFileType = sourcecode.c.objc; path = main.m; sourceTree = "<group>"; };
		C8BF0F651BA3690900E26892 /* AppDelegate.h */ = {isa = PBXFileReference; lastKnownFileType = sourcecode.c.h; path = AppDelegate.h; sourceTree = "<group>"; };
		C8BF0F661BA3690900E26892 /* AppDelegate.m */ = {isa = PBXFileReference; lastKnownFileType = sourcecode.c.objc; path = AppDelegate.m; sourceTree = "<group>"; };
		C8BF0F681BA3690900E26892 /* ViewController.h */ = {isa = PBXFileReference; lastKnownFileType = sourcecode.c.h; path = ViewController.h; sourceTree = "<group>"; };
		C8BF0F691BA3690900E26892 /* ViewController.m */ = {isa = PBXFileReference; lastKnownFileType = sourcecode.c.objc; path = ViewController.m; sourceTree = "<group>"; };
		C8BF0F6C1BA3690900E26892 /* Base */ = {isa = PBXFileReference; lastKnownFileType = file.storyboard; name = Base; path = Base.lproj/Main.storyboard; sourceTree = "<group>"; };
		C8BF0F6E1BA3690900E26892 /* Images.xcassets */ = {isa = PBXFileReference; lastKnownFileType = folder.assetcatalog; path = Images.xcassets; sourceTree = "<group>"; };
		C8BF0F711BA3690900E26892 /* Base */ = {isa = PBXFileReference; lastKnownFileType = file.xib; name = Base; path = Base.lproj/LaunchScreen.xib; sourceTree = "<group>"; };
		C8BF0F771BA3690900E26892 /* pickerviewTests.xctest */ = {isa = PBXFileReference; explicitFileType = wrapper.cfbundle; includeInIndex = 0; path = pickerviewTests.xctest; sourceTree = BUILT_PRODUCTS_DIR; };
		C8BF0F7C1BA3690900E26892 /* Info.plist */ = {isa = PBXFileReference; lastKnownFileType = text.plist.xml; path = Info.plist; sourceTree = "<group>"; };
		C8BF0F7D1BA3690900E26892 /* pickerviewTests.m */ = {isa = PBXFileReference; lastKnownFileType = sourcecode.c.objc; path = pickerviewTests.m; sourceTree = "<group>"; };
/* End PBXFileReference section */

/* Begin PBXFrameworksBuildPhase section */
		C8BF0F5B1BA3690900E26892 /* Frameworks */ = {
			isa = PBXFrameworksBuildPhase;
			buildActionMask = 2147483647;
			files = (
			);
			runOnlyForDeploymentPostprocessing = 0;
		};
		C8BF0F741BA3690900E26892 /* Frameworks */ = {
			isa = PBXFrameworksBuildPhase;
			buildActionMask = 2147483647;
			files = (
			);
			runOnlyForDeploymentPostprocessing = 0;
		};
/* End PBXFrameworksBuildPhase section */

/* Begin PBXGroup section */
		C8BF0F551BA3690900E26892 = {
			isa = PBXGroup;
			children = (
				C8BF0F601BA3690900E26892 /* pickerview */,
				C8BF0F7A1BA3690900E26892 /* pickerviewTests */,
				C8BF0F5F1BA3690900E26892 /* Products */,
			);
			sourceTree = "<group>";
		};
		C8BF0F5F1BA3690900E26892 /* Products */ = {
			isa = PBXGroup;
			children = (
				C8BF0F5E1BA3690900E26892 /* pickerview.app */,
				C8BF0F771BA3690900E26892 /* pickerviewTests.xctest */,
			);
			name = Products;
			sourceTree = "<group>";
		};
		C8BF0F601BA3690900E26892 /* pickerview */ = {
			isa = PBXGroup;
			children = (
				C8BF0F651BA3690900E26892 /* AppDelegate.h */,
				C8BF0F661BA3690900E26892 /* AppDelegate.m */,
				C8BF0F681BA3690900E26892 /* ViewController.h */,
				C8BF0F691BA3690900E26892 /* ViewController.m */,
				C8BF0F6B1BA3690900E26892 /* Main.storyboard */,
				C8BF0F6E1BA3690900E26892 /* Images.xcassets */,
				C8BF0F701BA3690900E26892 /* LaunchScreen.xib */,
				C8BF0F611BA3690900E26892 /* Supporting Files */,
			);
			path = pickerview;
			sourceTree = "<group>";
		};
		C8BF0F611BA3690900E26892 /* Supporting Files */ = {
			isa = PBXGroup;
			children = (
				C8BF0F621BA3690900E26892 /* Info.plist */,
				C8BF0F631BA3690900E26892 /* main.m */,
			);
			name = "Supporting Files";
			sourceTree = "<group>";
		};
		C8BF0F7A1BA3690900E26892 /* pickerviewTests */ = {
			isa = PBXGroup;
			children = (
				C8BF0F7D1BA3690900E26892 /* pickerviewTests.m */,
				C8BF0F7B1BA3690900E26892 /* Supporting Files */,
			);
			path = pickerviewTests;
			sourceTree = "<group>";
		};
		C8BF0F7B1BA3690900E26892 /* Supporting Files */ = {
			isa = PBXGroup;
			children = (
				C8BF0F7C1BA3690900E26892 /* Info.plist */,
			);
			name = "Supporting Files";
			sourceTree = "<group>";
		};
/* End PBXGroup section */

/* Begin PBXNativeTarget section */
		C8BF0F5D1BA3690900E26892 /* pickerview */ = {
			isa = PBXNativeTarget;
			buildConfigurationList = C8BF0F811BA3690900E26892 /* Build configuration list for PBXNativeTarget "pickerview" */;
			buildPhases = (
				C8BF0F5A1BA3690900E26892 /* Sources */,
				C8BF0F5B1BA3690900E26892 /* Frameworks */,
				C8BF0F5C1BA3690900E26892 /* Resources */,
			);
			buildRules = (
			);
			dependencies = (
			);
			name = pickerview;
			productName = pickerview;
			productReference = C8BF0F5E1BA3690900E26892 /* pickerview.app */;
			productType = "com.apple.product-type.application";
		};
		C8BF0F761BA3690900E26892 /* pickerviewTests */ = {
			isa = PBXNativeTarget;
			buildConfigurationList = C8BF0F841BA3690900E26892 /* Build configuration list for PBXNativeTarget "pickerviewTests" */;
			buildPhases = (
				C8BF0F731BA3690900E26892 /* Sources */,
				C8BF0F741BA3690900E26892 /* Frameworks */,
				C8BF0F751BA3690900E26892 /* Resources */,
			);
			buildRules = (
			);
			dependencies = (
				C8BF0F791BA3690900E26892 /* PBXTargetDependency */,
			);
			name = pickerviewTests;
			productName = pickerviewTests;
			productReference = C8BF0F771BA3690900E26892 /* pickerviewTests.xctest */;
			productType = "com.apple.product-type.bundle.unit-test";
		};
/* End PBXNativeTarget section */

/* Begin PBXProject section */
		C8BF0F561BA3690900E26892 /* Project object */ = {
			isa = PBXProject;
			attributes = {
				LastUpgradeCheck = 0640;
				ORGANIZATIONNAME = "inv obr";
				TargetAttributes = {
					C8BF0F5D1BA3690900E26892 = {
						CreatedOnToolsVersion = 6.4;
					};
					C8BF0F761BA3690900E26892 = {
						CreatedOnToolsVersion = 6.4;
						TestTargetID = C8BF0F5D1BA3690900E26892;
					};
				};
			};
			buildConfigurationList = C8BF0F591BA3690900E26892 /* Build configuration list for PBXProject "pickerview" */;
			compatibilityVersion = "Xcode 3.2";
			developmentRegion = English;
			hasScannedForEncodings = 0;
			knownRegions = (
				en,
				Base,
			);
			mainGroup = C8BF0F551BA3690900E26892;
			productRefGroup = C8BF0F5F1BA3690900E26892 /* Products */;
			projectDirPath = "";
			projectRoot = "";
			targets = (
				C8BF0F5D1BA3690900E26892 /* pickerview */,
				C8BF0F761BA3690900E26892 /* pickerviewTests */,
			);
		};
/* End PBXProject section */

/* Begin PBXResourcesBuildPhase section */
		C8BF0F5C1BA3690900E26892 /* Resources */ = {
			isa = PBXResourcesBuildPhase;
			buildActionMask = 2147483647;
			files = (
				C8BF0F6D1BA3690900E26892 /* Main.storyboard in Resources */,
				C8BF0F721BA3690900E26892 /* LaunchScreen.xib in Resources */,
				C8BF0F6F1BA3690900E26892 /* Images.xcassets in Resources */,
			);
			runOnlyForDeploymentPostprocessing = 0;
		};
		C8BF0F751BA3690900E26892 /* Resources */ = {
			isa = PBXResourcesBuildPhase;
			buildActionMask = 2147483647;
			files = (
			);
			runOnlyForDeploymentPostprocessing = 0;
		};
/* End PBXResourcesBuildPhase section */

/* Begin PBXSourcesBuildPhase section */
		C8BF0F5A1BA3690900E26892 /* Sources */ = {
			isa = PBXSourcesBuildPhase;
			buildActionMask = 2147483647;
			files = (
				C8BF0F6A1BA3690900E26892 /* ViewController.m in Sources */,
				C8BF0F671BA3690900E26892 /* AppDelegate.m in Sources */,
				C8BF0F641BA3690900E26892 /* main.m in Sources */,
			);
			runOnlyForDeploymentPostprocessing = 0;
		};
		C8BF0F731BA3690900E26892 /* Sources */ = {
			isa = PBXSourcesBuildPhase;
			buildActionMask = 2147483647;
			files = (
				C8BF0F7E1BA3690900E26892 /* pickerviewTests.m in Sources */,
			);
			runOnlyForDeploymentPostprocessing = 0;
		};
/* End PBXSourcesBuildPhase section */

/* Begin PBXTargetDependency section */
		C8BF0F791BA3690900E26892 /* PBXTargetDependency */ = {
			isa = PBXTargetDependency;
			target = C8BF0F5D1BA3690900E26892 /* pickerview */;
			targetProxy = C8BF0F781BA3690900E26892 /* PBXContainerItemProxy */;
		};
/* End PBXTargetDependency section */

/* Begin PBXVariantGroup section */
		C8BF0F6B1BA3690900E26892 /* Main.storyboard */ = {
			isa = PBXVariantGroup;
			children = (
				C8BF0F6C1BA3690900E26892 /* Base */,
			);
			name = Main.storyboard;
			sourceTree = "<group>";
		};
		C8BF0F701BA3690900E26892 /* LaunchScreen.xib */ = {
			isa = PBXVariantGroup;
			children = (
				C8BF0F711BA3690900E26892 /* Base */,
			);
			name = LaunchScreen.xib;
			sourceTree = "<group>";
		};
/* End PBXVariantGroup section */

/* Begin XCBuildConfiguration section */
		C8BF0F7F1BA3690900E26892 /* Debug */ = {
			isa = XCBuildConfiguration;
			buildSettings = {
				ALWAYS_SEARCH_USER_PATHS = NO;
				CLANG_CXX_LANGUAGE_STANDARD = "gnu++0x";
				CLANG_CXX_LIBRARY = "libc++";
				CLANG_ENABLE_MODULES = YES;
				CLANG_ENABLE_OBJC_ARC = YES;
				CLANG_WARN_BOOL_CONVERSION = YES;
				CLANG_WARN_CONSTANT_CONVERSION = YES;
				CLANG_WARN_DIRECT_OBJC_ISA_USAGE = YES_ERROR;
				CLANG_WARN_EMPTY_BODY = YES;
				CLANG_WARN_ENUM_CONVERSION = YES;
				CLANG_WARN_INT_CONVERSION = YES;
				CLANG_WARN_OBJC_ROOT_CLASS = YES_ERROR;
				CLANG_WARN_UNREACHABLE_CODE = YES;
				CLANG_WARN__DUPLICATE_METHOD_MATCH = YES;
				"CODE_SIGN_IDENTITY[sdk=iphoneos*]" = "iPhone Developer";
				COPY_PHASE_STRIP = NO;
				DEBUG_INFORMATION_FORMAT = "dwarf-with-dsym";
				ENABLE_STRICT_OBJC_MSGSEND = YES;
				GCC_C_LANGUAGE_STANDARD = gnu99;
				GCC_DYNAMIC_NO_PIC = NO;
				GCC_NO_COMMON_BLOCKS = YES;
				GCC_OPTIMIZATION_LEVEL = 0;
				GCC_PREPROCESSOR_DEFINITIONS = (
					"DEBUG=1",
					"$(inherited)",
				);
				GCC_SYMBOLS_PRIVATE_EXTERN = NO;
				GCC_WARN_64_TO_32_BIT_CONVERSION = YES;
				GCC_WARN_ABOUT_RETURN_TYPE = YES_ERROR;
				GCC_WARN_UNDECLARED_SELECTOR = YES;
				GCC_WARN_UNINITIALIZED_AUTOS = YES_AGGRESSIVE;
				GCC_WARN_UNUSED_FUNCTION = YES;
				GCC_WARN_UNUSED_VARIABLE = YES;
				IPHONEOS_DEPLOYMENT_TARGET = 8.4;
				MTL_ENABLE_DEBUG_INFO = YES;
				ONLY_ACTIVE_ARCH = YES;
				SDKROOT = iphoneos;
			};
			name = Debug;
		};
		C8BF0F801BA3690900E26892 /* Release */ = {
			isa = XCBuildConfiguration;
			buildSettings = {
				ALWAYS_SEARCH_USER_PATHS = NO;
				CLANG_CXX_LANGUAGE_STANDARD = "gnu++0x";
				CLANG_CXX_LIBRARY = "libc++";
				CLANG_ENABLE_MODULES = YES;
				CLANG_ENABLE_OBJC_ARC = YES;
				CLANG_WARN_BOOL_CONVERSION = YES;
				CLANG_WARN_CONSTANT_CONVERSION = YES;
				CLANG_WARN_DIRECT_OBJC_ISA_USAGE = YES_ERROR;
				CLANG_WARN_EMPTY_BODY = YES;
				CLANG_WARN_ENUM_CONVERSION = YES;
				CLANG_WARN_INT_CONVERSION = YES;
				CLANG_WARN_OBJC_ROOT_CLASS = YES_ERROR;
				CLANG_WARN_UNREACHABLE_CODE = YES;
				CLANG_WARN__DUPLICATE_METHOD_MATCH = YES;
				"CODE_SIGN_IDENTITY[sdk=iphoneos*]" = "iPhone Developer";
				COPY_PHASE_STRIP = NO;
				DEBUG_INFORMATION_FORMAT = "dwarf-with-dsym";
				ENABLE_NS_ASSERTIONS = NO;
				ENABLE_STRICT_OBJC_MSGSEND = YES;
				GCC_C_LANGUAGE_STANDARD = gnu99;
				GCC_NO_COMMON_BLOCKS = YES;
				GCC_WARN_64_TO_32_BIT_CONVERSION = YES;
				GCC_WARN_ABOUT_RETURN_TYPE = YES_ERROR;
				GCC_WARN_UNDECLARED_SELECTOR = YES;
				GCC_WARN_UNINITIALIZED_AUTOS = YES_AGGRESSIVE;
				GCC_WARN_UNUSED_FUNCTION = YES;
				GCC_WARN_UNUSED_VARIABLE = YES;
				IPHONEOS_DEPLOYMENT_TARGET = 8.4;
				MTL_ENABLE_DEBUG_INFO = NO;
				SDKROOT = iphoneos;
				VALIDATE_PRODUCT = YES;
			};
			name = Release;
		};
		C8BF0F821BA3690900E26892 /* Debug */ = {
			isa = XCBuildConfiguration;
			buildSettings = {
				ASSETCATALOG_COMPILER_APPICON_NAME = AppIcon;
				INFOPLIST_FILE = pickerview/Info.plist;
				LD_RUNPATH_SEARCH_PATHS = "$(inherited) @executable_path/Frameworks";
				PRODUCT_NAME = "$(TARGET_NAME)";
			};
			name = Debug;
		};
		C8BF0F831BA3690900E26892 /* Release */ = {
			isa = XCBuildConfiguration;
			buildSettings = {
				ASSETCATALOG_COMPILER_APPICON_NAME = AppIcon;
				INFOPLIST_FILE = pickerview/Info.plist;
				LD_RUNPATH_SEARCH_PATHS = "$(inherited) @executable_path/Frameworks";
				PRODUCT_NAME = "$(TARGET_NAME)";
			};
			name = Release;
		};
		C8BF0F851BA3690900E26892 /* Debug */ = {
			isa = XCBuildConfiguration;
			buildSettings = {
				BUNDLE_LOADER = "$(TEST_HOST)";
				FRAMEWORK_SEARCH_PATHS = (
					"$(SDKROOT)/Developer/Library/Frameworks",
					"$(inherited)",
				);
				GCC_PREPROCESSOR_DEFINITIONS = (
					"DEBUG=1",
					"$(inherited)",
				);
				INFOPLIST_FILE = pickerviewTests/Info.plist;
				LD_RUNPATH_SEARCH_PATHS = "$(inherited) @executable_path/Frameworks @loader_path/Frameworks";
				PRODUCT_NAME = "$(TARGET_NAME)";
				TEST_HOST = "$(BUILT_PRODUCTS_DIR)/pickerview.app/pickerview";
			};
			name = Debug;
		};
		C8BF0F861BA3690900E26892 /* Release */ = {
			isa = XCBuildConfiguration;
			buildSettings = {
				BUNDLE_LOADER = "$(TEST_HOST)";
				FRAMEWORK_SEARCH_PATHS = (
					"$(SDKROOT)/Developer/Library/Frameworks",
					"$(inherited)",
				);
				INFOPLIST_FILE = pickerviewTests/Info.plist;
				LD_RUNPATH_SEARCH_PATHS = "$(inherited) @executable_path/Frameworks @loader_path/Frameworks";
				PRODUCT_NAME = "$(TARGET_NAME)";
				TEST_HOST = "$(BUILT_PRODUCTS_DIR)/pickerview.app/pickerview";
			};
			name = Release;
		};
/* End XCBuildConfiguration section */

/* Begin XCConfigurationList section */
		C8BF0F591BA3690900E26892 /* Build configuration list for PBXProject "pickerview" */ = {
			isa = XCConfigurationList;
			buildConfigurations = (
				C8BF0F7F1BA3690900E26892 /* Debug */,
				C8BF0F801BA3690900E26892 /* Release */,
			);
			defaultConfigurationIsVisible = 0;
			defaultConfigurationName = Release;
		};
		C8BF0F811BA3690900E26892 /* Build configuration list for PBXNativeTarget "pickerview" */ = {
			isa = XCConfigurationList;
			buildConfigurations = (
				C8BF0F821BA3690900E26892 /* Debug */,
				C8BF0F831BA3690900E26892 /* Release */,
			);
			defaultConfigurationIsVisible = 0;
		};
		C8BF0F841BA3690900E26892 /* Build configuration list for PBXNativeTarget "pickerviewTests" */ = {
			isa = XCConfigurationList;
			buildConfigurations = (
				C8BF0F851BA3690900E26892 /* Debug */,
				C8BF0F861BA3690900E26892 /* Release */,
			);
			defaultConfigurationIsVisible = 0;
		};
/* End XCConfigurationList section */
	};
	rootObject = C8BF0F561BA3690900E26892 /* Project object */;
}
